
Microsoft Visual Studio Solution File, Format Version 12.00
# Visual Studio Version 17
VisualStudioVersion = 17.9.34622.214
MinimumVisualStudioVersion = 10.0.40219.1
Project("{FAE04EC0-301F-11D3-BF4B-00C04F79EFBC}") = "Authenticator", "Authenticator.csproj", "{8E0BC507-D7AB-4961-9926-E12ABBDC309E}"
EndProject
Project("{FAE04EC0-301F-11D3-BF4B-00C04F79EFBC}") = "AuthenticatorTests", "..\AuthenticatorTests\AuthenticatorTests.csproj", "{BDF87DE6-0693-4CB2-823C-66EBD6AC5846}"
EndProject
Global
	GlobalSection(SolutionConfigurationPlatforms) = preSolution
		Debug|Any CPU = Debug|Any CPU
		Release|Any CPU = Release|Any CPU
	EndGlobalSection
	GlobalSection(ProjectConfigurationPlatforms) = postSolution
		{8E0BC507-D7AB-4961-9926-E12ABBDC309E}.Debug|Any CPU.ActiveCfg = Debug|Any CPU
		{8E0BC507-D7AB-4961-9926-E12ABBDC309E}.Debug|Any CPU.Build.0 = Debug|Any CPU
		{8E0BC507-D7AB-4961-9926-E12ABBDC309E}.Release|Any CPU.ActiveCfg = Release|Any CPU
		{8E0BC507-D7AB-4961-9926-E12ABBDC309E}.Release|Any CPU.Build.0 = Release|Any CPU
		{BDF87DE6-0693-4CB2-823C-66EBD6AC5846}.Debug|Any CPU.ActiveCfg = Debug|Any CPU
		{BDF87DE6-0693-4CB2-823C-66EBD6AC5846}.Debug|Any CPU.Build.0 = Debug|Any CPU
		{BDF87DE6-0693-4CB2-823C-66EBD6AC5846}.Release|Any CPU.ActiveCfg = Release|Any CPU
		{BDF87DE6-0693-4CB2-823C-66EBD6AC5846}.Release|Any CPU.Build.0 = Release|Any CPU
	EndGlobalSection
	GlobalSection(SolutionProperties) = preSolution
		HideSolutionNode = FALSE
	EndGlobalSection
	GlobalSection(ExtensibilityGlobals) = postSolution
		SolutionGuid = {3EB5DF05-76BC-4B7E-B6F3-8C2505307474}
	EndGlobalSection
EndGlobal
