
Microsoft Visual Studio Solution File, Format Version 12.00
# Visual Studio Version 17
VisualStudioVersion = 17.9.34622.214
MinimumVisualStudioVersion = 10.0.40219.1
Project("{9A19103F-16F7-4668-BE54-9A1E7A4F7556}") = "Authenticator", "Authenticator.csproj", "{8E0BC507-D7AB-4961-9926-E12ABBDC309E}"
EndProject
Project("{9A19103F-16F7-4668-BE54-9A1E7A4F7556}") = "AuthenticatorTests", "..\AuthenticatorTests\AuthenticatorTests.csproj", "{BDF87DE6-0693-4CB2-823C-66EBD6AC5846}"
EndProject
Project("{2150E333-8FDC-42A3-9474-1A3956D46DE8}") = "Solution Items", "Solution Items", "{CC020BD2-75C6-4977-B24F-E5457C9830AC}"
	ProjectSection(SolutionItems) = preProject
		Dockerfile = Dockerfile
	EndProjectSection
EndProject
Global
	GlobalSection(SolutionConfigurationPlatforms) = preSolution
		Debug|Any CPU = Debug|Any CPU
		Release|Any CPU = Release|Any CPU
	EndGlobalSection
	GlobalSection(ProjectConfigurationPlatforms) = postSolution
		{8E0BC507-D7AB-4961-9926-E12ABBDC309E}.Debug|Any CPU.ActiveCfg = Debug|Any CPU
		{8E0BC507-D7AB-4961-9926-E12ABBDC309E}.Debug|Any CPU.Build.0 = Debug|Any CPU
		{8E0BC507-D7AB-4961-9926-E12ABBDC309E}.Release|Any CPU.ActiveCfg = Release|Any CPU
		{8E0BC507-D7AB-4961-9926-E12ABBDC309E}.Release|Any CPU.Build.0 = Release|Any CPU
		{BDF87DE6-0693-4CB2-823C-66EBD6AC5846}.Debug|Any CPU.ActiveCfg = Debug|Any CPU
		{BDF87DE6-0693-4CB2-823C-66EBD6AC5846}.Debug|Any CPU.Build.0 = Debug|Any CPU
		{BDF87DE6-0693-4CB2-823C-66EBD6AC5846}.Release|Any CPU.ActiveCfg = Release|Any CPU
		{BDF87DE6-0693-4CB2-823C-66EBD6AC5846}.Release|Any CPU.Build.0 = Release|Any CPU
	EndGlobalSection
	GlobalSection(SolutionProperties) = preSolution
		HideSolutionNode = FALSE
	EndGlobalSection
	GlobalSection(ExtensibilityGlobals) = postSolution
		SolutionGuid = {3EB5DF05-76BC-4B7E-B6F3-8C2505307474}
	EndGlobalSection
EndGlobal
